
Microsoft Visual Studio Solution File, Format Version 12.00
# Visual Studio Version 17
VisualStudioVersion = 17.7.34031.279
MinimumVisualStudioVersion = 10.0.40219.1
Project("{FAE04EC0-301F-11D3-BF4B-00C04F79EFBC}") = "Module15", "Module15\Module15.csproj", "{434A46EF-F0AD-43B7-8A36-5629D404F7FF}"
EndProject
Global
	GlobalSection(SolutionConfigurationPlatforms) = preSolution
		Debug|Any CPU = Debug|Any CPU
		Release|Any CPU = Release|Any CPU
	EndGlobalSection
	GlobalSection(ProjectConfigurationPlatforms) = postSolution
		{434A46EF-F0AD-43B7-8A36-5629D404F7FF}.Debug|Any CPU.ActiveCfg = Debug|Any CPU
		{434A46EF-F0AD-43B7-8A36-5629D404F7FF}.Debug|Any CPU.Build.0 = Debug|Any CPU
		{434A46EF-F0AD-43B7-8A36-5629D404F7FF}.Release|Any CPU.ActiveCfg = Release|Any CPU
		{434A46EF-F0AD-43B7-8A36-5629D404F7FF}.Release|Any CPU.Build.0 = Release|Any CPU
	EndGlobalSection
	GlobalSection(SolutionProperties) = preSolution
		HideSolutionNode = FALSE
	EndGlobalSection
	GlobalSection(ExtensibilityGlobals) = postSolution
		SolutionGuid = {DA287696-90FB-48EC-9CE1-345F9DE27A82}
	EndGlobalSection
EndGlobal
